
Microsoft Visual Studio Solution File, Format Version 12.00
# Visual Studio Version 16
VisualStudioVersion = 16.0.31402.337
MinimumVisualStudioVersion = 10.0.40219.1
Project("{2150E333-8FDC-42A3-9474-1A3956D46DE8}") = "services", "services", "{3CD786B9-D993-405D-B251-D74CA18D7B86}"
EndProject
Project("{9A19103F-16F7-4668-BE54-9A1E7A4F7556}") = "Cadastrator", "Cadastrator\Cadastrator.csproj", "{97065F9A-3CFE-4581-A1FE-9BC6FA65332E}"
EndProject
Project("{2150E333-8FDC-42A3-9474-1A3956D46DE8}") = "Core", "Core", "{F855FE2C-C779-47E9-8858-CD54B7BAE4E7}"
EndProject
Project("{FAE04EC0-301F-11D3-BF4B-00C04F79EFBC}") = "compartilhado", "compartilhado\compartilhado.csproj", "{EC9DBCB8-96DF-41B4-BAE6-592D2D8297D0}"
EndProject
Project("{2150E333-8FDC-42A3-9474-1A3956D46DE8}") = "Function", "Function", "{0A8A9C90-B60D-48D3-821C-F6CFD9B46A27}"
EndProject
Project("{9A19103F-16F7-4668-BE54-9A1E7A4F7556}") = "Coletor", "Coletor\Coletor.csproj", "{0048BEC4-1D18-4F34-B9A1-D8ACA4099C64}"
EndProject
Project("{9A19103F-16F7-4668-BE54-9A1E7A4F7556}") = "Reservador", "Reservador\Reservador.csproj", "{4AB34B69-4303-42CF-BB57-FAD7682F3B90}"
EndProject
Global
	GlobalSection(SolutionConfigurationPlatforms) = preSolution
		Debug|Any CPU = Debug|Any CPU
		Release|Any CPU = Release|Any CPU
	EndGlobalSection
	GlobalSection(ProjectConfigurationPlatforms) = postSolution
		{97065F9A-3CFE-4581-A1FE-9BC6FA65332E}.Debug|Any CPU.ActiveCfg = Debug|Any CPU
		{97065F9A-3CFE-4581-A1FE-9BC6FA65332E}.Debug|Any CPU.Build.0 = Debug|Any CPU
		{97065F9A-3CFE-4581-A1FE-9BC6FA65332E}.Release|Any CPU.ActiveCfg = Release|Any CPU
		{97065F9A-3CFE-4581-A1FE-9BC6FA65332E}.Release|Any CPU.Build.0 = Release|Any CPU
		{EC9DBCB8-96DF-41B4-BAE6-592D2D8297D0}.Debug|Any CPU.ActiveCfg = Debug|Any CPU
		{EC9DBCB8-96DF-41B4-BAE6-592D2D8297D0}.Debug|Any CPU.Build.0 = Debug|Any CPU
		{EC9DBCB8-96DF-41B4-BAE6-592D2D8297D0}.Release|Any CPU.ActiveCfg = Release|Any CPU
		{EC9DBCB8-96DF-41B4-BAE6-592D2D8297D0}.Release|Any CPU.Build.0 = Release|Any CPU
		{0048BEC4-1D18-4F34-B9A1-D8ACA4099C64}.Debug|Any CPU.ActiveCfg = Debug|Any CPU
		{0048BEC4-1D18-4F34-B9A1-D8ACA4099C64}.Debug|Any CPU.Build.0 = Debug|Any CPU
		{0048BEC4-1D18-4F34-B9A1-D8ACA4099C64}.Release|Any CPU.ActiveCfg = Release|Any CPU
		{0048BEC4-1D18-4F34-B9A1-D8ACA4099C64}.Release|Any CPU.Build.0 = Release|Any CPU
		{4AB34B69-4303-42CF-BB57-FAD7682F3B90}.Debug|Any CPU.ActiveCfg = Debug|Any CPU
		{4AB34B69-4303-42CF-BB57-FAD7682F3B90}.Debug|Any CPU.Build.0 = Debug|Any CPU
		{4AB34B69-4303-42CF-BB57-FAD7682F3B90}.Release|Any CPU.ActiveCfg = Release|Any CPU
		{4AB34B69-4303-42CF-BB57-FAD7682F3B90}.Release|Any CPU.Build.0 = Release|Any CPU
	EndGlobalSection
	GlobalSection(SolutionProperties) = preSolution
		HideSolutionNode = FALSE
	EndGlobalSection
	GlobalSection(NestedProjects) = preSolution
		{97065F9A-3CFE-4581-A1FE-9BC6FA65332E} = {3CD786B9-D993-405D-B251-D74CA18D7B86}
		{EC9DBCB8-96DF-41B4-BAE6-592D2D8297D0} = {F855FE2C-C779-47E9-8858-CD54B7BAE4E7}
		{0048BEC4-1D18-4F34-B9A1-D8ACA4099C64} = {0A8A9C90-B60D-48D3-821C-F6CFD9B46A27}
		{4AB34B69-4303-42CF-BB57-FAD7682F3B90} = {0A8A9C90-B60D-48D3-821C-F6CFD9B46A27}
	EndGlobalSection
	GlobalSection(ExtensibilityGlobals) = postSolution
		SolutionGuid = {954115F2-56C0-4E78-920D-2D24CD037B5F}
	EndGlobalSection
EndGlobal
